
Microsoft Visual Studio Solution File, Format Version 12.00
# Visual Studio Version 17
VisualStudioVersion = 17.8.34330.188
MinimumVisualStudioVersion = 10.0.40219.1
Project("{FAE04EC0-301F-11D3-BF4B-00C04F79EFBC}") = "DaneiCodeGen", "DaneiCodeGen.csproj", "{90D3F1D4-4BB3-4106-917A-60D62618A406}"
EndProject
Global
	GlobalSection(SolutionConfigurationPlatforms) = preSolution
		Debug|Any CPU = Debug|Any CPU
		Release|Any CPU = Release|Any CPU
	EndGlobalSection
	GlobalSection(ProjectConfigurationPlatforms) = postSolution
		{90D3F1D4-4BB3-4106-917A-60D62618A406}.Debug|Any CPU.ActiveCfg = Debug|Any CPU
		{90D3F1D4-4BB3-4106-917A-60D62618A406}.Debug|Any CPU.Build.0 = Debug|Any CPU
		{90D3F1D4-4BB3-4106-917A-60D62618A406}.Release|Any CPU.ActiveCfg = Release|Any CPU
		{90D3F1D4-4BB3-4106-917A-60D62618A406}.Release|Any CPU.Build.0 = Release|Any CPU
	EndGlobalSection
	GlobalSection(SolutionProperties) = preSolution
		HideSolutionNode = FALSE
	EndGlobalSection
	GlobalSection(ExtensibilityGlobals) = postSolution
		SolutionGuid = {8BAA8F14-63B2-4041-84EA-90C87B1A20F3}
	EndGlobalSection
EndGlobal
